
Microsoft Visual Studio Solution File, Format Version 12.00
# Visual Studio Version 16
VisualStudioVersion = 16.0.31005.135
MinimumVisualStudioVersion = 10.0.40219.1
Project("{FAE04EC0-301F-11D3-BF4B-00C04F79EFBC}") = "PersonCSharp", "PersonCSharp\PersonCSharp.csproj", "{ECD04C7A-B794-4AB3-BC76-3EB6ACE2A240}"
EndProject
Global
	GlobalSection(SolutionConfigurationPlatforms) = preSolution
		Debug|Any CPU = Debug|Any CPU
		Release|Any CPU = Release|Any CPU
	EndGlobalSection
	GlobalSection(ProjectConfigurationPlatforms) = postSolution
		{ECD04C7A-B794-4AB3-BC76-3EB6ACE2A240}.Debug|Any CPU.ActiveCfg = Debug|Any CPU
		{ECD04C7A-B794-4AB3-BC76-3EB6ACE2A240}.Debug|Any CPU.Build.0 = Debug|Any CPU
		{ECD04C7A-B794-4AB3-BC76-3EB6ACE2A240}.Release|Any CPU.ActiveCfg = Release|Any CPU
		{ECD04C7A-B794-4AB3-BC76-3EB6ACE2A240}.Release|Any CPU.Build.0 = Release|Any CPU
	EndGlobalSection
	GlobalSection(SolutionProperties) = preSolution
		HideSolutionNode = FALSE
	EndGlobalSection
	GlobalSection(ExtensibilityGlobals) = postSolution
		SolutionGuid = {D871B51D-0191-44F7-91ED-9AE8439C859D}
	EndGlobalSection
EndGlobal
