
Microsoft Visual Studio Solution File, Format Version 12.00
# Visual Studio Version 16
VisualStudioVersion = 16.0.31005.135
MinimumVisualStudioVersion = 10.0.40219.1
Project("{FAE04EC0-301F-11D3-BF4B-00C04F79EFBC}") = "CLASS POINT3D", "CLASS POINT3D\CLASS POINT3D.csproj", "{527E411D-0CEF-4A0F-8053-2407BC55121F}"
EndProject
Global
	GlobalSection(SolutionConfigurationPlatforms) = preSolution
		Debug|Any CPU = Debug|Any CPU
		Release|Any CPU = Release|Any CPU
	EndGlobalSection
	GlobalSection(ProjectConfigurationPlatforms) = postSolution
		{527E411D-0CEF-4A0F-8053-2407BC55121F}.Debug|Any CPU.ActiveCfg = Debug|Any CPU
		{527E411D-0CEF-4A0F-8053-2407BC55121F}.Debug|Any CPU.Build.0 = Debug|Any CPU
		{527E411D-0CEF-4A0F-8053-2407BC55121F}.Release|Any CPU.ActiveCfg = Release|Any CPU
		{527E411D-0CEF-4A0F-8053-2407BC55121F}.Release|Any CPU.Build.0 = Release|Any CPU
	EndGlobalSection
	GlobalSection(SolutionProperties) = preSolution
		HideSolutionNode = FALSE
	EndGlobalSection
	GlobalSection(ExtensibilityGlobals) = postSolution
		SolutionGuid = {5231B2F6-988A-4D1F-8888-4359C40117B8}
	EndGlobalSection
EndGlobal
