
Microsoft Visual Studio Solution File, Format Version 12.00
# Visual Studio Version 16
VisualStudioVersion = 16.0.31005.135
MinimumVisualStudioVersion = 10.0.40219.1
Project("{FAE04EC0-301F-11D3-BF4B-00C04F79EFBC}") = "pruebaGUIAlumnos", "pruebaGUIAlumnos\pruebaGUIAlumnos.csproj", "{338824F5-B137-43B7-ABBF-77276A62B5A9}"
EndProject
Global
	GlobalSection(SolutionConfigurationPlatforms) = preSolution
		Debug|Any CPU = Debug|Any CPU
		Release|Any CPU = Release|Any CPU
	EndGlobalSection
	GlobalSection(ProjectConfigurationPlatforms) = postSolution
		{338824F5-B137-43B7-ABBF-77276A62B5A9}.Debug|Any CPU.ActiveCfg = Debug|Any CPU
		{338824F5-B137-43B7-ABBF-77276A62B5A9}.Debug|Any CPU.Build.0 = Debug|Any CPU
		{338824F5-B137-43B7-ABBF-77276A62B5A9}.Release|Any CPU.ActiveCfg = Release|Any CPU
		{338824F5-B137-43B7-ABBF-77276A62B5A9}.Release|Any CPU.Build.0 = Release|Any CPU
	EndGlobalSection
	GlobalSection(SolutionProperties) = preSolution
		HideSolutionNode = FALSE
	EndGlobalSection
	GlobalSection(ExtensibilityGlobals) = postSolution
		SolutionGuid = {F190B9BF-C92D-4A81-8C88-D867D8C779BC}
	EndGlobalSection
EndGlobal
